<?xml version="1.0" encoding="utf-8"?>
<Project ToolsVersion="4.0" xmlns="http://schemas.microsoft.com/developer/msbuild/2003">
  <ItemGroup>
    <Filter Include="Events">
      <UniqueIdentifier>{3A8963B1-262B-8E87-0FE6-A1DBFB2615D8}</UniqueIdentifier>
    </Filter>
  </ItemGroup>
  <ItemGroup>
    <ClInclude Include="src\Application.h" />
    <ClInclude Include="src\Core.h" />
    <ClInclude Include="src\Events\Event.h">
      <Filter>Events</Filter>
    </ClInclude>
    <ClInclude Include="src\Events\KeyCodes.h">
      <Filter>Events</Filter>
    </ClInclude>
    <ClInclude Include="src\Events\KeyEvent.h">
      <Filter>Events</Filter>
    </ClInclude>
    <ClInclude Include="src\Events\MouseCodes.h">
      <Filter>Events</Filter>
    </ClInclude>
    <ClInclude Include="src\Events\MouseEvent.h">
      <Filter>Events</Filter>
    </ClInclude>
    <ClInclude Include="src\Log.h" />
    <ClInclude Include="src\Neon.h" />
    <ClInclude Include="src\WinWindow.h" />
    <ClInclude Include="src\Window.h" />
    <ClInclude Include="src\neon-pch.h" />
    <ClInclude Include="src\LayerStack.h" />
    <ClInclude Include="src\Layer.h" />
    <ClInclude Include="src\Clock.h" />
    <ClInclude Include="src\GraphicsContext.h" />
  </ItemGroup>
  <ItemGroup>
    <ClCompile Include="src\Application.cpp" />
    <ClCompile Include="src\WinWindow.cpp" />
    <ClCompile Include="src\Window.cpp" />
    <ClCompile Include="src\neon-pch.cpp" />
    <ClCompile Include="src\Layer.cpp" />
    <ClCompile Include="src\LayerStack.cpp" />
    <ClCompile Include="src\GraphicsContext.cpp" />
  </ItemGroup>
</Project>